
Microsoft Visual Studio Solution File, Format Version 12.00
# Visual Studio Version 17
VisualStudioVersion = 17.9.34607.119
MinimumVisualStudioVersion = 10.0.40219.1
Project("{FAE04EC0-301F-11D3-BF4B-00C04F79EFBC}") = "WfAppVbm01", "WfAppVbm01\WfAppVbm01.csproj", "{CBABDD83-05A5-4AE5-8956-BF17C70ACBBC}"
EndProject
Project("{FAE04EC0-301F-11D3-BF4B-00C04F79EFBC}") = "ConsoleAppUnitTest", "ConsoleAppUnitTest\ConsoleAppUnitTest.csproj", "{AAD96F59-1C56-4627-89D0-9DF18C6DAA83}"
EndProject
Project("{FAE04EC0-301F-11D3-BF4B-00C04F79EFBC}") = "DB Management", "DB Management\DB Management.csproj", "{BE5553D9-BBB8-40D9-A803-41ED428D94DB}"
EndProject
Project("{FAE04EC0-301F-11D3-BF4B-00C04F79EFBC}") = "AccelerometerDatabase", "AccelerometerDatabase\AccelerometerDatabase.csproj", "{45E7B86F-191E-43A6-8C51-2AD270B8B9E7}"
EndProject
Project("{FAE04EC0-301F-11D3-BF4B-00C04F79EFBC}") = "AccelerometerDatabaseTests", "AccelerometerDatabaseTests\AccelerometerDatabaseTests.csproj", "{C0975730-BEEE-4222-9D62-A5F07CBC12D3}"
EndProject
Global
	GlobalSection(SolutionConfigurationPlatforms) = preSolution
		Debug|Any CPU = Debug|Any CPU
		Debug|x86 = Debug|x86
		Release|Any CPU = Release|Any CPU
		Release|x86 = Release|x86
	EndGlobalSection
	GlobalSection(ProjectConfigurationPlatforms) = postSolution
		{CBABDD83-05A5-4AE5-8956-BF17C70ACBBC}.Debug|Any CPU.ActiveCfg = Debug|Any CPU
		{CBABDD83-05A5-4AE5-8956-BF17C70ACBBC}.Debug|Any CPU.Build.0 = Debug|Any CPU
		{CBABDD83-05A5-4AE5-8956-BF17C70ACBBC}.Debug|x86.ActiveCfg = Debug|Any CPU
		{CBABDD83-05A5-4AE5-8956-BF17C70ACBBC}.Debug|x86.Build.0 = Debug|Any CPU
		{CBABDD83-05A5-4AE5-8956-BF17C70ACBBC}.Release|Any CPU.ActiveCfg = Release|Any CPU
		{CBABDD83-05A5-4AE5-8956-BF17C70ACBBC}.Release|Any CPU.Build.0 = Release|Any CPU
		{CBABDD83-05A5-4AE5-8956-BF17C70ACBBC}.Release|x86.ActiveCfg = Release|Any CPU
		{CBABDD83-05A5-4AE5-8956-BF17C70ACBBC}.Release|x86.Build.0 = Release|Any CPU
		{AAD96F59-1C56-4627-89D0-9DF18C6DAA83}.Debug|Any CPU.ActiveCfg = Debug|Any CPU
		{AAD96F59-1C56-4627-89D0-9DF18C6DAA83}.Debug|Any CPU.Build.0 = Debug|Any CPU
		{AAD96F59-1C56-4627-89D0-9DF18C6DAA83}.Debug|x86.ActiveCfg = Debug|Any CPU
		{AAD96F59-1C56-4627-89D0-9DF18C6DAA83}.Debug|x86.Build.0 = Debug|Any CPU
		{AAD96F59-1C56-4627-89D0-9DF18C6DAA83}.Release|Any CPU.ActiveCfg = Release|Any CPU
		{AAD96F59-1C56-4627-89D0-9DF18C6DAA83}.Release|Any CPU.Build.0 = Release|Any CPU
		{AAD96F59-1C56-4627-89D0-9DF18C6DAA83}.Release|x86.ActiveCfg = Release|Any CPU
		{AAD96F59-1C56-4627-89D0-9DF18C6DAA83}.Release|x86.Build.0 = Release|Any CPU
		{BE5553D9-BBB8-40D9-A803-41ED428D94DB}.Debug|Any CPU.ActiveCfg = Debug|Any CPU
		{BE5553D9-BBB8-40D9-A803-41ED428D94DB}.Debug|Any CPU.Build.0 = Debug|Any CPU
		{BE5553D9-BBB8-40D9-A803-41ED428D94DB}.Debug|x86.ActiveCfg = Debug|x86
		{BE5553D9-BBB8-40D9-A803-41ED428D94DB}.Debug|x86.Build.0 = Debug|x86
		{BE5553D9-BBB8-40D9-A803-41ED428D94DB}.Release|Any CPU.ActiveCfg = Release|Any CPU
		{BE5553D9-BBB8-40D9-A803-41ED428D94DB}.Release|Any CPU.Build.0 = Release|Any CPU
		{BE5553D9-BBB8-40D9-A803-41ED428D94DB}.Release|x86.ActiveCfg = Release|x86
		{BE5553D9-BBB8-40D9-A803-41ED428D94DB}.Release|x86.Build.0 = Release|x86
		{45E7B86F-191E-43A6-8C51-2AD270B8B9E7}.Debug|Any CPU.ActiveCfg = Debug|Any CPU
		{45E7B86F-191E-43A6-8C51-2AD270B8B9E7}.Debug|Any CPU.Build.0 = Debug|Any CPU
		{45E7B86F-191E-43A6-8C51-2AD270B8B9E7}.Debug|x86.ActiveCfg = Debug|Any CPU
		{45E7B86F-191E-43A6-8C51-2AD270B8B9E7}.Debug|x86.Build.0 = Debug|Any CPU
		{45E7B86F-191E-43A6-8C51-2AD270B8B9E7}.Release|Any CPU.ActiveCfg = Release|Any CPU
		{45E7B86F-191E-43A6-8C51-2AD270B8B9E7}.Release|Any CPU.Build.0 = Release|Any CPU
		{45E7B86F-191E-43A6-8C51-2AD270B8B9E7}.Release|x86.ActiveCfg = Release|Any CPU
		{45E7B86F-191E-43A6-8C51-2AD270B8B9E7}.Release|x86.Build.0 = Release|Any CPU
		{C0975730-BEEE-4222-9D62-A5F07CBC12D3}.Debug|Any CPU.ActiveCfg = Debug|Any CPU
		{C0975730-BEEE-4222-9D62-A5F07CBC12D3}.Debug|Any CPU.Build.0 = Debug|Any CPU
		{C0975730-BEEE-4222-9D62-A5F07CBC12D3}.Debug|x86.ActiveCfg = Debug|Any CPU
		{C0975730-BEEE-4222-9D62-A5F07CBC12D3}.Debug|x86.Build.0 = Debug|Any CPU
		{C0975730-BEEE-4222-9D62-A5F07CBC12D3}.Release|Any CPU.ActiveCfg = Release|Any CPU
		{C0975730-BEEE-4222-9D62-A5F07CBC12D3}.Release|Any CPU.Build.0 = Release|Any CPU
		{C0975730-BEEE-4222-9D62-A5F07CBC12D3}.Release|x86.ActiveCfg = Release|Any CPU
		{C0975730-BEEE-4222-9D62-A5F07CBC12D3}.Release|x86.Build.0 = Release|Any CPU
	EndGlobalSection
	GlobalSection(SolutionProperties) = preSolution
		HideSolutionNode = FALSE
	EndGlobalSection
	GlobalSection(ExtensibilityGlobals) = postSolution
		SolutionGuid = {D98C920A-3149-4270-AF03-6E10FD41DAB3}
	EndGlobalSection
EndGlobal
